
Microsoft Visual Studio Solution File, Format Version 12.00
# Visual Studio Version 16
VisualStudioVersion = 16.0.31019.35
MinimumVisualStudioVersion = 10.0.40219.1
Project("{FAE04EC0-301F-11D3-BF4B-00C04F79EFBC}") = "ParserXML", "ParserXML.csproj", "{C01C231F-ACDD-4D21-B282-E00657B29740}"
EndProject
Global
	GlobalSection(SolutionConfigurationPlatforms) = preSolution
		Debug|Any CPU = Debug|Any CPU
		Release|Any CPU = Release|Any CPU
	EndGlobalSection
	GlobalSection(ProjectConfigurationPlatforms) = postSolution
		{C01C231F-ACDD-4D21-B282-E00657B29740}.Debug|Any CPU.ActiveCfg = Debug|Any CPU
		{C01C231F-ACDD-4D21-B282-E00657B29740}.Debug|Any CPU.Build.0 = Debug|Any CPU
		{C01C231F-ACDD-4D21-B282-E00657B29740}.Release|Any CPU.ActiveCfg = Release|Any CPU
		{C01C231F-ACDD-4D21-B282-E00657B29740}.Release|Any CPU.Build.0 = Release|Any CPU
	EndGlobalSection
	GlobalSection(SolutionProperties) = preSolution
		HideSolutionNode = FALSE
	EndGlobalSection
	GlobalSection(ExtensibilityGlobals) = postSolution
		SolutionGuid = {3AAC35C7-CFCB-4B7C-9B3E-029CC0977D80}
	EndGlobalSection
EndGlobal
